{
  "name": "minicode-75",
  "version": "1.0.0",
  "lockfileVersion": 1,
  "requires": true,
  "dependencies": {
    "eventemitter3": {
      "version": "4.0.0",
      "resolved": "https://registry.npmjs.org/eventemitter3/-/eventemitter3-4.0.0.tgz",
      "integrity": "sha512-qerSRB0p+UDEssxTtm6EDKcE7W4OaoisfIMl4CngyEhjpYglocpNg6UEqCvemdGhosAsg4sO2dXJOdyBifPGCg=="
    },
    "jsbn": {
      "version": "1.1.0",
      "resolved": "https://registry.npmjs.org/jsbn/-/jsbn-1.1.0.tgz",
      "integrity": "sha1-sBMHyym2GKHtJux56RH4A8TaAEA="
    },
    "lodash": {
      "version": "4.17.15",
      "resolved": "https://registry.npmjs.org/lodash/-/lodash-4.17.15.tgz",
      "integrity": "sha512-8xOcRHvCjnocdS5cpwXQXVzmmh5e5+saE2QGoeQmbKmRS6J3VQppPOIt0MnmE+4xlZoumy0GPG0D0MVIQbNA1A=="
    },
    "miniprogram-sm-crypto": {
      "version": "0.1.0",
      "resolved": "https://registry.npmjs.org/miniprogram-sm-crypto/-/miniprogram-sm-crypto-0.1.0.tgz",
      "integrity": "sha512-LVqqteGNCarEepLezmKVMxuD1V795EIN1+Js4SU2nWEqnH50mwv93Vivp3F6LIWFMLE9Il4Cow1QIoqgoOTzyA==",
      "requires": {
        "jsbn": "^1.1.0"
      }
    },
    "weui-miniprogram": {
      "version": "0.2.2",
      "resolved": "https://registry.npmjs.org/weui-miniprogram/-/weui-miniprogram-0.2.2.tgz",
      "integrity": "sha512-Gn1ahB3YyfnMO+KPRl4ixGQZnbefmS4NZPBiY50FjLO6aBqt3xUvnXaT1B2AhMWfsUq2dWLvedJqCTmi0hP/jg=="
    },
    "widget-ui": {
      "version": "1.0.2",
      "resolved": "https://registry.npmjs.org/widget-ui/-/widget-ui-1.0.2.tgz",
      "integrity": "sha512-gDXosr5mflJdMA1weU1A47aTsTFfMJhfA4EKgO5XFebY3eVklf80KD4GODfrjo8J2WQ+9YjL1Rd9UUmKIzhShw==",
      "requires": {
        "eventemitter3": "^4.0.0"
      }
    },
    "wxml-to-canvas": {
      "version": "1.1.1",
      "resolved": "https://registry.npmjs.org/wxml-to-canvas/-/wxml-to-canvas-1.1.1.tgz",
      "integrity": "sha512-3mDjHzujY/UgdCOXij/MnmwJYerVjwkyQHMBFBE8zh89DK7h7UTzoydWFqEBjIC0rfZM+AXl5kDh9hUcsNpSmg==",
      "requires": {
        "widget-ui": "^1.0.2"
      }
    }
  }
}
